// !$*UTF8*$!
{
	archiveVersion = 1;
	classes = {
	};
	objectVersion = 56;
	objects = {

/* Begin PBXBuildFile section */
		B73A33D12A0C6AE600673A82 /* Assign3App.swift in Sources */ = {isa = PBXBuildFile; fileRef = B73A33D02A0C6AE600673A82 /* Assign3App.swift */; };
		B73A33D32A0C6AE600673A82 /* ContentView.swift in Sources */ = {isa = PBXBuildFile; fileRef = B73A33D22A0C6AE600673A82 /* ContentView.swift */; };
		B73A33D52A0C6AE700673A82 /* Assets.xcassets in Resources */ = {isa = PBXBuildFile; fileRef = B73A33D42A0C6AE700673A82 /* Assets.xcassets */; };
		B73A33D82A0C6AE700673A82 /* Preview Assets.xcassets in Resources */ = {isa = PBXBuildFile; fileRef = B73A33D72A0C6AE700673A82 /* Preview Assets.xcassets */; };
		B73A33DF2A0C6B1100673A82 /* BoardView.swift in Sources */ = {isa = PBXBuildFile; fileRef = B73A33DE2A0C6B1100673A82 /* BoardView.swift */; };
		B73A33E12A0C6B3000673A82 /* About.swift in Sources */ = {isa = PBXBuildFile; fileRef = B73A33E02A0C6B3000673A82 /* About.swift */; };
		B73A33E32A0C6B5100673A82 /* Random.swift in Sources */ = {isa = PBXBuildFile; fileRef = B73A33E22A0C6B5100673A82 /* Random.swift */; };
		B73A33E52A0C6B7F00673A82 /* Scores.swift in Sources */ = {isa = PBXBuildFile; fileRef = B73A33E42A0C6B7F00673A82 /* Scores.swift */; };
		B73A33E72A0C6B9800673A82 /* TileView.swift in Sources */ = {isa = PBXBuildFile; fileRef = B73A33E62A0C6B9800673A82 /* TileView.swift */; };
		B73A33E92A0C6BC700673A82 /* model.swift in Sources */ = {isa = PBXBuildFile; fileRef = B73A33E82A0C6BC700673A82 /* model.swift */; };
/* End PBXBuildFile section */

/* Begin PBXFileReference section */
		B73A33CD2A0C6AE600673A82 /* Assign3.app */ = {isa = PBXFileReference; explicitFileType = wrapper.application; includeInIndex = 0; path = Assign3.app; sourceTree = BUILT_PRODUCTS_DIR; };
		B73A33D02A0C6AE600673A82 /* Assign3App.swift */ = {isa = PBXFileReference; lastKnownFileType = sourcecode.swift; path = Assign3App.swift; sourceTree = "<group>"; };
		B73A33D22A0C6AE600673A82 /* ContentView.swift */ = {isa = PBXFileReference; lastKnownFileType = sourcecode.swift; path = ContentView.swift; sourceTree = "<group>"; };
		B73A33D42A0C6AE700673A82 /* Assets.xcassets */ = {isa = PBXFileReference; lastKnownFileType = folder.assetcatalog; path = Assets.xcassets; sourceTree = "<group>"; };
		B73A33D72A0C6AE700673A82 /* Preview Assets.xcassets */ = {isa = PBXFileReference; lastKnownFileType = folder.assetcatalog; path = "Preview Assets.xcassets"; sourceTree = "<group>"; };
		B73A33DE2A0C6B1100673A82 /* BoardView.swift */ = {isa = PBXFileReference; lastKnownFileType = sourcecode.swift; path = BoardView.swift; sourceTree = "<group>"; };
		B73A33E02A0C6B3000673A82 /* About.swift */ = {isa = PBXFileReference; lastKnownFileType = sourcecode.swift; path = About.swift; sourceTree = "<group>"; };
		B73A33E22A0C6B5100673A82 /* Random.swift */ = {isa = PBXFileReference; lastKnownFileType = sourcecode.swift; path = Random.swift; sourceTree = "<group>"; };
		B73A33E42A0C6B7F00673A82 /* Scores.swift */ = {isa = PBXFileReference; lastKnownFileType = sourcecode.swift; path = Scores.swift; sourceTree = "<group>"; };
		B73A33E62A0C6B9800673A82 /* TileView.swift */ = {isa = PBXFileReference; lastKnownFileType = sourcecode.swift; path = TileView.swift; sourceTree = "<group>"; };
		B73A33E82A0C6BC700673A82 /* model.swift */ = {isa = PBXFileReference; lastKnownFileType = sourcecode.swift; path = model.swift; sourceTree = "<group>"; };
/* End PBXFileReference section */

/* Begin PBXFrameworksBuildPhase section */
		B73A33CA2A0C6AE600673A82 /* Frameworks */ = {
			isa = PBXFrameworksBuildPhase;
			buildActionMask = 2147483647;
			files = (
			);
			runOnlyForDeploymentPostprocessing = 0;
		};
/* End PBXFrameworksBuildPhase section */

/* Begin PBXGroup section */
		B73A33C42A0C6AE500673A82 = {
			isa = PBXGroup;
			children = (
				B73A33CF2A0C6AE600673A82 /* Assign3 */,
				B73A33CE2A0C6AE600673A82 /* Products */,
			);
			sourceTree = "<group>";
		};
		B73A33CE2A0C6AE600673A82 /* Products */ = {
			isa = PBXGroup;
			children = (
				B73A33CD2A0C6AE600673A82 /* Assign3.app */,
			);
			name = Products;
			sourceTree = "<group>";
		};
		B73A33CF2A0C6AE600673A82 /* Assign3 */ = {
			isa = PBXGroup;
			children = (
				B73A33D02A0C6AE600673A82 /* Assign3App.swift */,
				B73A33E82A0C6BC700673A82 /* model.swift */,
				B73A33D22A0C6AE600673A82 /* ContentView.swift */,
				B73A33E42A0C6B7F00673A82 /* Scores.swift */,
				B73A33E62A0C6B9800673A82 /* TileView.swift */,
				B73A33D42A0C6AE700673A82 /* Assets.xcassets */,
				B73A33D62A0C6AE700673A82 /* Preview Content */,
				B73A33DE2A0C6B1100673A82 /* BoardView.swift */,
				B73A33E02A0C6B3000673A82 /* About.swift */,
				B73A33E22A0C6B5100673A82 /* Random.swift */,
			);
			path = Assign3;
			sourceTree = "<group>";
		};
		B73A33D62A0C6AE700673A82 /* Preview Content */ = {
			isa = PBXGroup;
			children = (
				B73A33D72A0C6AE700673A82 /* Preview Assets.xcassets */,
			);
			path = "Preview Content";
			sourceTree = "<group>";
		};
/* End PBXGroup section */

/* Begin PBXNativeTarget section */
		B73A33CC2A0C6AE600673A82 /* Assign3 */ = {
			isa = PBXNativeTarget;
			buildConfigurationList = B73A33DB2A0C6AE700673A82 /* Build configuration list for PBXNativeTarget "Assign3" */;
			buildPhases = (
				B73A33C92A0C6AE600673A82 /* Sources */,
				B73A33CA2A0C6AE600673A82 /* Frameworks */,
				B73A33CB2A0C6AE600673A82 /* Resources */,
			);
			buildRules = (
			);
			dependencies = (
			);
			name = Assign3;
			productName = Assign3;
			productReference = B73A33CD2A0C6AE600673A82 /* Assign3.app */;
			productType = "com.apple.product-type.application";
		};
/* End PBXNativeTarget section */

/* Begin PBXProject section */
		B73A33C52A0C6AE500673A82 /* Project object */ = {
			isa = PBXProject;
			attributes = {
				BuildIndependentTargetsInParallel = 1;
				LastSwiftUpdateCheck = 1430;
				LastUpgradeCheck = 1430;
				TargetAttributes = {
					B73A33CC2A0C6AE600673A82 = {
						CreatedOnToolsVersion = 14.3;
					};
				};
			};
			buildConfigurationList = B73A33C82A0C6AE500673A82 /* Build configuration list for PBXProject "Assign3" */;
			compatibilityVersion = "Xcode 14.0";
			developmentRegion = en;
			hasScannedForEncodings = 0;
			knownRegions = (
				en,
				Base,
			);
			mainGroup = B73A33C42A0C6AE500673A82;
			productRefGroup = B73A33CE2A0C6AE600673A82 /* Products */;
			projectDirPath = "";
			projectRoot = "";
			targets = (
				B73A33CC2A0C6AE600673A82 /* Assign3 */,
			);
		};
/* End PBXProject section */

/* Begin PBXResourcesBuildPhase section */
		B73A33CB2A0C6AE600673A82 /* Resources */ = {
			isa = PBXResourcesBuildPhase;
			buildActionMask = 2147483647;
			files = (
				B73A33D82A0C6AE700673A82 /* Preview Assets.xcassets in Resources */,
				B73A33D52A0C6AE700673A82 /* Assets.xcassets in Resources */,
			);
			runOnlyForDeploymentPostprocessing = 0;
		};
/* End PBXResourcesBuildPhase section */

/* Begin PBXSourcesBuildPhase section */
		B73A33C92A0C6AE600673A82 /* Sources */ = {
			isa = PBXSourcesBuildPhase;
			buildActionMask = 2147483647;
			files = (
				B73A33DF2A0C6B1100673A82 /* BoardView.swift in Sources */,
				B73A33E72A0C6B9800673A82 /* TileView.swift in Sources */,
				B73A33E12A0C6B3000673A82 /* About.swift in Sources */,
				B73A33E32A0C6B5100673A82 /* Random.swift in Sources */,
				B73A33D32A0C6AE600673A82 /* ContentView.swift in Sources */,
				B73A33E52A0C6B7F00673A82 /* Scores.swift in Sources */,
				B73A33D12A0C6AE600673A82 /* Assign3App.swift in Sources */,
				B73A33E92A0C6BC700673A82 /* model.swift in Sources */,
			);
			runOnlyForDeploymentPostprocessing = 0;
		};
/* End PBXSourcesBuildPhase section */

/* Begin XCBuildConfiguration section */
		B73A33D92A0C6AE700673A82 /* Debug */ = {
			isa = XCBuildConfiguration;
			buildSettings = {
				ALWAYS_SEARCH_USER_PATHS = NO;
				CLANG_ANALYZER_NONNULL = YES;
				CLANG_ANALYZER_NUMBER_OBJECT_CONVERSION = YES_AGGRESSIVE;
				CLANG_CXX_LANGUAGE_STANDARD = "gnu++20";
				CLANG_ENABLE_MODULES = YES;
				CLANG_ENABLE_OBJC_ARC = YES;
				CLANG_ENABLE_OBJC_WEAK = YES;
				CLANG_WARN_BLOCK_CAPTURE_AUTORELEASING = YES;
				CLANG_WARN_BOOL_CONVERSION = YES;
				CLANG_WARN_COMMA = YES;
				CLANG_WARN_CONSTANT_CONVERSION = YES;
				CLANG_WARN_DEPRECATED_OBJC_IMPLEMENTATIONS = YES;
				CLANG_WARN_DIRECT_OBJC_ISA_USAGE = YES_ERROR;
				CLANG_WARN_DOCUMENTATION_COMMENTS = YES;
				CLANG_WARN_EMPTY_BODY = YES;
				CLANG_WARN_ENUM_CONVERSION = YES;
				CLANG_WARN_INFINITE_RECURSION = YES;
				CLANG_WARN_INT_CONVERSION = YES;
				CLANG_WARN_NON_LITERAL_NULL_CONVERSION = YES;
				CLANG_WARN_OBJC_IMPLICIT_RETAIN_SELF = YES;
				CLANG_WARN_OBJC_LITERAL_CONVERSION = YES;
				CLANG_WARN_OBJC_ROOT_CLASS = YES_ERROR;
				CLANG_WARN_QUOTED_INCLUDE_IN_FRAMEWORK_HEADER = YES;
				CLANG_WARN_RANGE_LOOP_ANALYSIS = YES;
				CLANG_WARN_STRICT_PROTOTYPES = YES;
				CLANG_WARN_SUSPICIOUS_MOVE = YES;
				CLANG_WARN_UNGUARDED_AVAILABILITY = YES_AGGRESSIVE;
				CLANG_WARN_UNREACHABLE_CODE = YES;
				CLANG_WARN__DUPLICATE_METHOD_MATCH = YES;
				COPY_PHASE_STRIP = NO;
				DEBUG_INFORMATION_FORMAT = dwarf;
				ENABLE_STRICT_OBJC_MSGSEND = YES;
				ENABLE_TESTABILITY = YES;
				GCC_C_LANGUAGE_STANDARD = gnu11;
				GCC_DYNAMIC_NO_PIC = NO;
				GCC_NO_COMMON_BLOCKS = YES;
				GCC_OPTIMIZATION_LEVEL = 0;
				GCC_PREPROCESSOR_DEFINITIONS = (
					"DEBUG=1",
					"$(inherited)",
				);
				GCC_WARN_64_TO_32_BIT_CONVERSION = YES;
				GCC_WARN_ABOUT_RETURN_TYPE = YES_ERROR;
				GCC_WARN_UNDECLARED_SELECTOR = YES;
				GCC_WARN_UNINITIALIZED_AUTOS = YES_AGGRESSIVE;
				GCC_WARN_UNUSED_FUNCTION = YES;
				GCC_WARN_UNUSED_VARIABLE = YES;
				IPHONEOS_DEPLOYMENT_TARGET = 16.4;
				MTL_ENABLE_DEBUG_INFO = INCLUDE_SOURCE;
				MTL_FAST_MATH = YES;
				ONLY_ACTIVE_ARCH = YES;
				SDKROOT = iphoneos;
				SWIFT_ACTIVE_COMPILATION_CONDITIONS = DEBUG;
				SWIFT_OPTIMIZATION_LEVEL = "-Onone";
			};
			name = Debug;
		};
		B73A33DA2A0C6AE700673A82 /* Release */ = {
			isa = XCBuildConfiguration;
			buildSettings = {
				ALWAYS_SEARCH_USER_PATHS = NO;
				CLANG_ANALYZER_NONNULL = YES;
				CLANG_ANALYZER_NUMBER_OBJECT_CONVERSION = YES_AGGRESSIVE;
				CLANG_CXX_LANGUAGE_STANDARD = "gnu++20";
				CLANG_ENABLE_MODULES = YES;
				CLANG_ENABLE_OBJC_ARC = YES;
				CLANG_ENABLE_OBJC_WEAK = YES;
				CLANG_WARN_BLOCK_CAPTURE_AUTORELEASING = YES;
				CLANG_WARN_BOOL_CONVERSION = YES;
				CLANG_WARN_COMMA = YES;
				CLANG_WARN_CONSTANT_CONVERSION = YES;
				CLANG_WARN_DEPRECATED_OBJC_IMPLEMENTATIONS = YES;
				CLANG_WARN_DIRECT_OBJC_ISA_USAGE = YES_ERROR;
				CLANG_WARN_DOCUMENTATION_COMMENTS = YES;
				CLANG_WARN_EMPTY_BODY = YES;
				CLANG_WARN_ENUM_CONVERSION = YES;
				CLANG_WARN_INFINITE_RECURSION = YES;
				CLANG_WARN_INT_CONVERSION = YES;
				CLANG_WARN_NON_LITERAL_NULL_CONVERSION = YES;
				CLANG_WARN_OBJC_IMPLICIT_RETAIN_SELF = YES;
				CLANG_WARN_OBJC_LITERAL_CONVERSION = YES;
				CLANG_WARN_OBJC_ROOT_CLASS = YES_ERROR;
				CLANG_WARN_QUOTED_INCLUDE_IN_FRAMEWORK_HEADER = YES;
				CLANG_WARN_RANGE_LOOP_ANALYSIS = YES;
				CLANG_WARN_STRICT_PROTOTYPES = YES;
				CLANG_WARN_SUSPICIOUS_MOVE = YES;
				CLANG_WARN_UNGUARDED_AVAILABILITY = YES_AGGRESSIVE;
				CLANG_WARN_UNREACHABLE_CODE = YES;
				CLANG_WARN__DUPLICATE_METHOD_MATCH = YES;
				COPY_PHASE_STRIP = NO;
				DEBUG_INFORMATION_FORMAT = "dwarf-with-dsym";
				ENABLE_NS_ASSERTIONS = NO;
				ENABLE_STRICT_OBJC_MSGSEND = YES;
				GCC_C_LANGUAGE_STANDARD = gnu11;
				GCC_NO_COMMON_BLOCKS = YES;
				GCC_WARN_64_TO_32_BIT_CONVERSION = YES;
				GCC_WARN_ABOUT_RETURN_TYPE = YES_ERROR;
				GCC_WARN_UNDECLARED_SELECTOR = YES;
				GCC_WARN_UNINITIALIZED_AUTOS = YES_AGGRESSIVE;
				GCC_WARN_UNUSED_FUNCTION = YES;
				GCC_WARN_UNUSED_VARIABLE = YES;
				IPHONEOS_DEPLOYMENT_TARGET = 16.4;
				MTL_ENABLE_DEBUG_INFO = NO;
				MTL_FAST_MATH = YES;
				SDKROOT = iphoneos;
				SWIFT_COMPILATION_MODE = wholemodule;
				SWIFT_OPTIMIZATION_LEVEL = "-O";
				VALIDATE_PRODUCT = YES;
			};
			name = Release;
		};
		B73A33DC2A0C6AE700673A82 /* Debug */ = {
			isa = XCBuildConfiguration;
			buildSettings = {
				ASSETCATALOG_COMPILER_APPICON_NAME = AppIcon;
				ASSETCATALOG_COMPILER_GLOBAL_ACCENT_COLOR_NAME = AccentColor;
				CODE_SIGN_STYLE = Automatic;
				CURRENT_PROJECT_VERSION = 1;
				DEVELOPMENT_ASSET_PATHS = "\"Assign3/Preview Content\"";
				ENABLE_PREVIEWS = YES;
				GENERATE_INFOPLIST_FILE = YES;
				INFOPLIST_KEY_UIApplicationSceneManifest_Generation = YES;
				INFOPLIST_KEY_UIApplicationSupportsIndirectInputEvents = YES;
				INFOPLIST_KEY_UILaunchScreen_Generation = YES;
				INFOPLIST_KEY_UISupportedInterfaceOrientations_iPad = "UIInterfaceOrientationPortrait UIInterfaceOrientationPortraitUpsideDown UIInterfaceOrientationLandscapeLeft UIInterfaceOrientationLandscapeRight";
				INFOPLIST_KEY_UISupportedInterfaceOrientations_iPhone = "UIInterfaceOrientationPortrait UIInterfaceOrientationLandscapeLeft UIInterfaceOrientationLandscapeRight";
				LD_RUNPATH_SEARCH_PATHS = (
					"$(inherited)",
					"@executable_path/Frameworks",
				);
				MARKETING_VERSION = 1.0;
				PRODUCT_BUNDLE_IDENTIFIER = com.ShuoWang.Assign3;
				PRODUCT_NAME = "$(TARGET_NAME)";
				SWIFT_EMIT_LOC_STRINGS = YES;
				SWIFT_VERSION = 5.0;
				TARGETED_DEVICE_FAMILY = "1,2";
			};
			name = Debug;
		};
		B73A33DD2A0C6AE700673A82 /* Release */ = {
			isa = XCBuildConfiguration;
			buildSettings = {
				ASSETCATALOG_COMPILER_APPICON_NAME = AppIcon;
				ASSETCATALOG_COMPILER_GLOBAL_ACCENT_COLOR_NAME = AccentColor;
				CODE_SIGN_STYLE = Automatic;
				CURRENT_PROJECT_VERSION = 1;
				DEVELOPMENT_ASSET_PATHS = "\"Assign3/Preview Content\"";
				ENABLE_PREVIEWS = YES;
				GENERATE_INFOPLIST_FILE = YES;
				INFOPLIST_KEY_UIApplicationSceneManifest_Generation = YES;
				INFOPLIST_KEY_UIApplicationSupportsIndirectInputEvents = YES;
				INFOPLIST_KEY_UILaunchScreen_Generation = YES;
				INFOPLIST_KEY_UISupportedInterfaceOrientations_iPad = "UIInterfaceOrientationPortrait UIInterfaceOrientationPortraitUpsideDown UIInterfaceOrientationLandscapeLeft UIInterfaceOrientationLandscapeRight";
				INFOPLIST_KEY_UISupportedInterfaceOrientations_iPhone = "UIInterfaceOrientationPortrait UIInterfaceOrientationLandscapeLeft UIInterfaceOrientationLandscapeRight";
				LD_RUNPATH_SEARCH_PATHS = (
					"$(inherited)",
					"@executable_path/Frameworks",
				);
				MARKETING_VERSION = 1.0;
				PRODUCT_BUNDLE_IDENTIFIER = com.ShuoWang.Assign3;
				PRODUCT_NAME = "$(TARGET_NAME)";
				SWIFT_EMIT_LOC_STRINGS = YES;
				SWIFT_VERSION = 5.0;
				TARGETED_DEVICE_FAMILY = "1,2";
			};
			name = Release;
		};
/* End XCBuildConfiguration section */

/* Begin XCConfigurationList section */
		B73A33C82A0C6AE500673A82 /* Build configuration list for PBXProject "Assign3" */ = {
			isa = XCConfigurationList;
			buildConfigurations = (
				B73A33D92A0C6AE700673A82 /* Debug */,
				B73A33DA2A0C6AE700673A82 /* Release */,
			);
			defaultConfigurationIsVisible = 0;
			defaultConfigurationName = Release;
		};
		B73A33DB2A0C6AE700673A82 /* Build configuration list for PBXNativeTarget "Assign3" */ = {
			isa = XCConfigurationList;
			buildConfigurations = (
				B73A33DC2A0C6AE700673A82 /* Debug */,
				B73A33DD2A0C6AE700673A82 /* Release */,
			);
			defaultConfigurationIsVisible = 0;
			defaultConfigurationName = Release;
		};
/* End XCConfigurationList section */
	};
	rootObject = B73A33C52A0C6AE500673A82 /* Project object */;
}
